
Microsoft Visual Studio Solution File, Format Version 12.00
# Visual Studio Version 17
VisualStudioVersion = 17.14.36705.20
MinimumVisualStudioVersion = 10.0.40219.1
Project("{FAE04EC0-301F-11D3-BF4B-00C04F79EFBC}") = "ShoppingSystem.API", "ShoppingSystem.API\ShoppingSystem.API.csproj", "{FFD90C2F-12D1-4491-9C49-333F2906AEB9}"
EndProject
Project("{FAE04EC0-301F-11D3-BF4B-00C04F79EFBC}") = "ShoppingSystem.Core", "ShoppingSystem.Core\ShoppingSystem.Core.csproj", "{9113A1FA-1546-47DD-B079-94ED2754EBC9}"
EndProject
Project("{FAE04EC0-301F-11D3-BF4B-00C04F79EFBC}") = "ShoppingSystem.Repository", "ShoppingSystem.Repository\ShoppingSystem.Repository.csproj", "{BDD6FC7D-440A-4ABC-B53C-EA1A26F648BA}"
EndProject
Project("{FAE04EC0-301F-11D3-BF4B-00C04F79EFBC}") = "ShoppingSystem.Service", "ShoppingSystem.Service\ShoppingSystem.Service.csproj", "{CD87DB51-65E7-4193-986E-CF98CE3464F1}"
EndProject
Global
	GlobalSection(SolutionConfigurationPlatforms) = preSolution
		Debug|Any CPU = Debug|Any CPU
		Release|Any CPU = Release|Any CPU
	EndGlobalSection
	GlobalSection(ProjectConfigurationPlatforms) = postSolution
		{FFD90C2F-12D1-4491-9C49-333F2906AEB9}.Debug|Any CPU.ActiveCfg = Debug|Any CPU
		{FFD90C2F-12D1-4491-9C49-333F2906AEB9}.Debug|Any CPU.Build.0 = Debug|Any CPU
		{FFD90C2F-12D1-4491-9C49-333F2906AEB9}.Release|Any CPU.ActiveCfg = Release|Any CPU
		{FFD90C2F-12D1-4491-9C49-333F2906AEB9}.Release|Any CPU.Build.0 = Release|Any CPU
		{9113A1FA-1546-47DD-B079-94ED2754EBC9}.Debug|Any CPU.ActiveCfg = Debug|Any CPU
		{9113A1FA-1546-47DD-B079-94ED2754EBC9}.Debug|Any CPU.Build.0 = Debug|Any CPU
		{9113A1FA-1546-47DD-B079-94ED2754EBC9}.Release|Any CPU.ActiveCfg = Release|Any CPU
		{9113A1FA-1546-47DD-B079-94ED2754EBC9}.Release|Any CPU.Build.0 = Release|Any CPU
		{BDD6FC7D-440A-4ABC-B53C-EA1A26F648BA}.Debug|Any CPU.ActiveCfg = Debug|Any CPU
		{BDD6FC7D-440A-4ABC-B53C-EA1A26F648BA}.Debug|Any CPU.Build.0 = Debug|Any CPU
		{BDD6FC7D-440A-4ABC-B53C-EA1A26F648BA}.Release|Any CPU.ActiveCfg = Release|Any CPU
		{BDD6FC7D-440A-4ABC-B53C-EA1A26F648BA}.Release|Any CPU.Build.0 = Release|Any CPU
		{CD87DB51-65E7-4193-986E-CF98CE3464F1}.Debug|Any CPU.ActiveCfg = Debug|Any CPU
		{CD87DB51-65E7-4193-986E-CF98CE3464F1}.Debug|Any CPU.Build.0 = Debug|Any CPU
		{CD87DB51-65E7-4193-986E-CF98CE3464F1}.Release|Any CPU.ActiveCfg = Release|Any CPU
		{CD87DB51-65E7-4193-986E-CF98CE3464F1}.Release|Any CPU.Build.0 = Release|Any CPU
	EndGlobalSection
	GlobalSection(SolutionProperties) = preSolution
		HideSolutionNode = FALSE
	EndGlobalSection
	GlobalSection(ExtensibilityGlobals) = postSolution
		SolutionGuid = {CE96BA6E-5EA6-4271-B0B4-D7C698AB4CDF}
	EndGlobalSection
EndGlobal
